
Microsoft Visual Studio Solution File, Format Version 12.00
# Visual Studio 15
VisualStudioVersion = 15.0.28010.2048
MinimumVisualStudioVersion = 10.0.40219.1
Project("{FAE04EC0-301F-11D3-BF4B-00C04F79EFBC}") = "compareipctcphttp", "compareipctcphttp\compareipctcphttp.csproj", "{F37FDDF5-46B6-4F91-AA6D-B344E455DDFA}"
EndProject
Global
	GlobalSection(SolutionConfigurationPlatforms) = preSolution
		Debug|Any CPU = Debug|Any CPU
		Release|Any CPU = Release|Any CPU
	EndGlobalSection
	GlobalSection(ProjectConfigurationPlatforms) = postSolution
		{F37FDDF5-46B6-4F91-AA6D-B344E455DDFA}.Debug|Any CPU.ActiveCfg = Debug|Any CPU
		{F37FDDF5-46B6-4F91-AA6D-B344E455DDFA}.Debug|Any CPU.Build.0 = Debug|Any CPU
		{F37FDDF5-46B6-4F91-AA6D-B344E455DDFA}.Release|Any CPU.ActiveCfg = Release|Any CPU
		{F37FDDF5-46B6-4F91-AA6D-B344E455DDFA}.Release|Any CPU.Build.0 = Release|Any CPU
	EndGlobalSection
	GlobalSection(SolutionProperties) = preSolution
		HideSolutionNode = FALSE
	EndGlobalSection
	GlobalSection(ExtensibilityGlobals) = postSolution
		SolutionGuid = {585EDC45-7EA4-4862-B27A-58537674ECF8}
	EndGlobalSection
EndGlobal
